{
  "nodes": {
    "catppuccin": {
      "locked": {
        "lastModified": 1733900652,
        "narHash": "sha256-g2A9sNPPaumDzb2jNd2h8eiKzlwmlFzO1qymaq2GovU=",
        "owner": "catppuccin",
        "repo": "nix",
        "rev": "f47bf8bbec54f721b0b5282e6bcfa85888b822dd",
        "type": "github"
      },
      "original": {
        "owner": "catppuccin",
        "repo": "nix",
        "type": "github"
      }
    },
    "flake-compat": {
      "flake": false,
      "locked": {
        "lastModified": 1733328505,
        "narHash": "sha256-NeCCThCEP3eCl2l/+27kNNK7QrwZB1IJCrXfrbv5oqU=",
        "owner": "edolstra",
        "repo": "flake-compat",
        "rev": "ff81ac966bb2cae68946d5ed5fc4994f96d0ffec",
        "type": "github"
      },
      "original": {
        "owner": "edolstra",
        "repo": "flake-compat",
        "type": "github"
      }
    },
    "home-manager": {
      "inputs": {
        "nixpkgs": [
          "nixpkgs"
        ]
      },
      "locked": {
        "lastModified": 1733873195,
        "narHash": "sha256-dTosiZ3sZ/NKoLKQ++v8nZdEHya0eTNEsaizNp+MUPM=",
        "owner": "nix-community",
        "repo": "home-manager",
        "rev": "f26aa4b76fb7606127032d33ac73d7d507d82758",
        "type": "github"
      },
      "original": {
        "owner": "nix-community",
        "repo": "home-manager",
        "type": "github"
      }
    },
    "nixpkgs": {
      "locked": {
        "lastModified": 1733759999,
        "narHash": "sha256-463SNPWmz46iLzJKRzO3Q2b0Aurff3U1n0nYItxq7jU=",
        "owner": "NixOS",
        "repo": "nixpkgs",
        "rev": "a73246e2eef4c6ed172979932bc80e1404ba2d56",
        "type": "github"
      },
      "original": {
        "owner": "NixOS",
        "ref": "nixos-unstable",
        "repo": "nixpkgs",
        "type": "github"
      }
    },
    "root": {
      "inputs": {
        "catppuccin": "catppuccin",
        "home-manager": "home-manager",
        "nixpkgs": "nixpkgs",
        "spicetify-nix": "spicetify-nix"
      }
    },
    "spicetify-nix": {
      "inputs": {
        "flake-compat": "flake-compat",
        "nixpkgs": [
          "nixpkgs"
        ]
      },
      "locked": {
        "lastModified": 1734840909,
        "narHash": "sha256-bBMokfGRYs0ofzViAj4MRxjCklnxBZWt4FLok6jo4tA=",
        "owner": "Gerg-L",
        "repo": "spicetify-nix",
        "rev": "9da99a9e7598f1b1b2997c508fd21a2ee4a51a94",
        "type": "github"
      },
      "original": {
        "owner": "Gerg-L",
        "repo": "spicetify-nix",
        "type": "github"
      }
    }
  },
  "root": "root",
  "version": 7
}
